{
	"name": "example-plugin",
	"version": "1.0.0",
	"lockfileVersion": 3,
	"requires": true,
	"packages": {
		"": {
			"name": "example-plugin",
			"version": "1.0.0",
			"license": "MIT",
			"dependencies": {
				"@customrealms/core": "^2.0.27"
			},
			"devDependencies": {
				"@customrealms/cli": "^2.0.20",
				"@customrealms/runtime-types": "^1.0.2"
			}
		},
		"node_modules/@customrealms/cli": {
			"version": "2.0.20",
			"resolved": "https://registry.npmjs.org/@customrealms/cli/-/cli-2.0.20.tgz",
			"integrity": "sha512-c0zQaYEYJOKh4dVmMXBq12XnJNx6971aq2VqTylhGtomB2DzGzTg97RODWQLlpJRgN1VLJ96LJ4TSkSZBV9WCw==",
			"dev": true,
			"hasInstallScript": true,
			"license": "MIT"
		},
		"node_modules/@customrealms/core": {
			"version": "2.0.27",
			"resolved": "https://registry.npmjs.org/@customrealms/core/-/core-2.0.27.tgz",
			"integrity": "sha512-rsuw+cBDFb/wZ8YjOfmBpCNDGd+5HhnfMJrQi8+aEjZfZP6FHz/7QTJfK0dLg3r6W+ppHrrSW3V5510khNPNng==",
			"license": "MIT"
		},
		"node_modules/@customrealms/runtime-types": {
			"version": "1.0.2",
			"resolved": "https://registry.npmjs.org/@customrealms/runtime-types/-/runtime-types-1.0.2.tgz",
			"integrity": "sha512-5D/WIKdEPNwqBc830EWfSQkI3omNYpwgmVvPQXwRSuPJWFaR5NscD+PPTJGhGYfG7rY4GwCccA+/tHir5j4Rtw==",
			"dev": true,
			"license": "MIT"
		}
	}
}
